
Microsoft Visual Studio Solution File, Format Version 12.00
# Visual Studio Version 17
VisualStudioVersion = 17.7.34031.279
MinimumVisualStudioVersion = 10.0.40219.1
Project("{FAE04EC0-301F-11D3-BF4B-00C04F79EFBC}") = "Program1", "Program1\Program1.csproj", "{8F9F19E8-4CD9-4CBD-9DDD-C70D94BB1289}"
EndProject
Global
	GlobalSection(SolutionConfigurationPlatforms) = preSolution
		Debug|Any CPU = Debug|Any CPU
		Release|Any CPU = Release|Any CPU
	EndGlobalSection
	GlobalSection(ProjectConfigurationPlatforms) = postSolution
		{8F9F19E8-4CD9-4CBD-9DDD-C70D94BB1289}.Debug|Any CPU.ActiveCfg = Debug|Any CPU
		{8F9F19E8-4CD9-4CBD-9DDD-C70D94BB1289}.Debug|Any CPU.Build.0 = Debug|Any CPU
		{8F9F19E8-4CD9-4CBD-9DDD-C70D94BB1289}.Release|Any CPU.ActiveCfg = Release|Any CPU
		{8F9F19E8-4CD9-4CBD-9DDD-C70D94BB1289}.Release|Any CPU.Build.0 = Release|Any CPU
	EndGlobalSection
	GlobalSection(SolutionProperties) = preSolution
		HideSolutionNode = FALSE
	EndGlobalSection
	GlobalSection(ExtensibilityGlobals) = postSolution
		SolutionGuid = {C974028C-9A3A-440C-9B6E-32D4A2A3DF86}
	EndGlobalSection
EndGlobal
